// !$*UTF8*$!
{
	archiveVersion = 1;
	classes = {
	};
	objectVersion = 46;
	objects = {

/* Begin PBXBuildFile section */
		2E2593F91E20195B006FE7AC /* UpgradeViewController.swift in Sources */ = {isa = PBXBuildFile; fileRef = 2E2593F81E20195B006FE7AC /* UpgradeViewController.swift */; };
		2E2593FE1E2035EC006FE7AC /* StoreManager.swift in Sources */ = {isa = PBXBuildFile; fileRef = 2E2593FD1E2035EC006FE7AC /* StoreManager.swift */; };
		2E261B011E1B35CD0049B898 /* InflationViewController.swift in Sources */ = {isa = PBXBuildFile; fileRef = 2E261B001E1B35CD0049B898 /* InflationViewController.swift */; };
		2E261B041E1B36530049B898 /* SelectCornerRadiusView.swift in Sources */ = {isa = PBXBuildFile; fileRef = 2E261B031E1B36530049B898 /* SelectCornerRadiusView.swift */; };
		2E261B0E1E1B72D20049B898 /* Currencies in Resources */ = {isa = PBXBuildFile; fileRef = 2E261B0D1E1B72D20049B898 /* Currencies */; };
		2E3B7C361E1F396100CC2133 /* CircleView.swift in Sources */ = {isa = PBXBuildFile; fileRef = 2E3B7C351E1F396100CC2133 /* CircleView.swift */; };
		2E3B7C381E1F41B200CC2133 /* CurrencyViewController.swift in Sources */ = {isa = PBXBuildFile; fileRef = 2E3B7C371E1F41B200CC2133 /* CurrencyViewController.swift */; };
		2E3B7C3C1E1F612900CC2133 /* User.swift in Sources */ = {isa = PBXBuildFile; fileRef = 2E3B7C3B1E1F612900CC2133 /* User.swift */; };
		2E3B7C3E1E1F66EE00CC2133 /* NavigationController.swift in Sources */ = {isa = PBXBuildFile; fileRef = 2E3B7C3D1E1F66EE00CC2133 /* NavigationController.swift */; };
		2E5B33A71E21B48200E4B923 /* StoreKit.framework in Frameworks */ = {isa = PBXBuildFile; fileRef = 2E5B33A61E21B48200E4B923 /* StoreKit.framework */; };
		2E5B33A91E21BA7000E4B923 /* Launch.storyboard in Resources */ = {isa = PBXBuildFile; fileRef = 2E5B33A81E21BA7000E4B923 /* Launch.storyboard */; };
		2E7D8CD21C1F85660031499D /* Interface.storyboard in Resources */ = {isa = PBXBuildFile; fileRef = 2E7D8CD01C1F85660031499D /* Interface.storyboard */; };
		2E7D8CD41C1F85660031499D /* Assets.xcassets in Resources */ = {isa = PBXBuildFile; fileRef = 2E7D8CD31C1F85660031499D /* Assets.xcassets */; };
		2E7D8CDB1C1F85660031499D /* Watch Extension.appex in Embed App Extensions */ = {isa = PBXBuildFile; fileRef = 2E7D8CDA1C1F85660031499D /* Watch Extension.appex */; settings = {ATTRIBUTES = (RemoveHeadersOnCopy, ); }; };
		2E7D8CE01C1F85660031499D /* InterfaceController.swift in Sources */ = {isa = PBXBuildFile; fileRef = 2E7D8CDF1C1F85660031499D /* InterfaceController.swift */; };
		2E7D8CE21C1F85660031499D /* ExtensionDelegate.swift in Sources */ = {isa = PBXBuildFile; fileRef = 2E7D8CE11C1F85660031499D /* ExtensionDelegate.swift */; };
		2E7D8CE41C1F85660031499D /* Assets.xcassets in Resources */ = {isa = PBXBuildFile; fileRef = 2E7D8CE31C1F85660031499D /* Assets.xcassets */; };
		2E7D8CF41C1F85F90031499D /* ValueController.swift in Sources */ = {isa = PBXBuildFile; fileRef = 2E7D8CF11C1F85F90031499D /* ValueController.swift */; };
		2E7D8CF51C1F85F90031499D /* YearController.swift in Sources */ = {isa = PBXBuildFile; fileRef = 2E7D8CF21C1F85F90031499D /* YearController.swift */; };
		2E7D8CF61C1F8D850031499D /* Inflation.app in Embed Watch Content */ = {isa = PBXBuildFile; fileRef = 2E7D8CCE1C1F85660031499D /* Inflation.app */; };
		2EA5116D1E20CBDB00970604 /* Currency-Shared.swift in Sources */ = {isa = PBXBuildFile; fileRef = 2EA5116C1E20CBDB00970604 /* Currency-Shared.swift */; };
		2EA5116F1E20CC9900970604 /* Currencies in Resources */ = {isa = PBXBuildFile; fileRef = 2EA5116E1E20CC9900970604 /* Currencies */; };
		2EA511711E20CCC100970604 /* Currency-Shared.swift in Sources */ = {isa = PBXBuildFile; fileRef = 2EA511701E20CCC100970604 /* Currency-Shared.swift */; };
		2EA511731E20CFDA00970604 /* Controller.swift in Sources */ = {isa = PBXBuildFile; fileRef = 2EA511721E20CFDA00970604 /* Controller.swift */; };
		2EA511781E20EBA800970604 /* RateVewController.swift in Sources */ = {isa = PBXBuildFile; fileRef = 2EA511771E20EBA800970604 /* RateVewController.swift */; };
		2EE6B10B19E0466F0025D4C0 /* AppDelegate.swift in Sources */ = {isa = PBXBuildFile; fileRef = 2EE6B10A19E0466F0025D4C0 /* AppDelegate.swift */; };
		2EE6B11019E046700025D4C0 /* Main.storyboard in Resources */ = {isa = PBXBuildFile; fileRef = 2EE6B10E19E046700025D4C0 /* Main.storyboard */; };
		2EE6B11219E046700025D4C0 /* Images.xcassets in Resources */ = {isa = PBXBuildFile; fileRef = 2EE6B11119E046700025D4C0 /* Images.xcassets */; };
/* End PBXBuildFile section */

/* Begin PBXContainerItemProxy section */
		2E7D8CDC1C1F85660031499D /* PBXContainerItemProxy */ = {
			isa = PBXContainerItemProxy;
			containerPortal = 2EE6B0FD19E0466F0025D4C0 /* Project object */;
			proxyType = 1;
			remoteGlobalIDString = 2E7D8CD91C1F85660031499D;
			remoteInfo = "Watch Extension";
		};
		2E7D8CE61C1F85660031499D /* PBXContainerItemProxy */ = {
			isa = PBXContainerItemProxy;
			containerPortal = 2EE6B0FD19E0466F0025D4C0 /* Project object */;
			proxyType = 1;
			remoteGlobalIDString = 2E7D8CCD1C1F85660031499D;
			remoteInfo = Watch;
		};
/* End PBXContainerItemProxy section */

/* Begin PBXCopyFilesBuildPhase section */
		2E7D8CEC1C1F85660031499D /* Embed App Extensions */ = {
			isa = PBXCopyFilesBuildPhase;
			buildActionMask = 2147483647;
			dstPath = "";
			dstSubfolderSpec = 13;
			files = (
				2E7D8CDB1C1F85660031499D /* Watch Extension.appex in Embed App Extensions */,
			);
			name = "Embed App Extensions";
			runOnlyForDeploymentPostprocessing = 0;
		};
		2EA682551A5CBD2400F39ECF /* Embed App Extensions */ = {
			isa = PBXCopyFilesBuildPhase;
			buildActionMask = 2147483647;
			dstPath = "";
			dstSubfolderSpec = 13;
			files = (
			);
			name = "Embed App Extensions";
			runOnlyForDeploymentPostprocessing = 0;
		};
		2EE9C1ED1C1E40270009BCBB /* Embed Watch Content */ = {
			isa = PBXCopyFilesBuildPhase;
			buildActionMask = 2147483647;
			dstPath = "$(CONTENTS_FOLDER_PATH)/Watch";
			dstSubfolderSpec = 16;
			files = (
				2E7D8CF61C1F8D850031499D /* Inflation.app in Embed Watch Content */,
			);
			name = "Embed Watch Content";
			runOnlyForDeploymentPostprocessing = 0;
		};
/* End PBXCopyFilesBuildPhase section */

/* Begin PBXFileReference section */
		2E2593F81E20195B006FE7AC /* UpgradeViewController.swift */ = {isa = PBXFileReference; fileEncoding = 4; lastKnownFileType = sourcecode.swift; path = UpgradeViewController.swift; sourceTree = "<group>"; };
		2E2593FD1E2035EC006FE7AC /* StoreManager.swift */ = {isa = PBXFileReference; fileEncoding = 4; lastKnownFileType = sourcecode.swift; name = StoreManager.swift; path = Model/StoreManager.swift; sourceTree = "<group>"; };
		2E261B001E1B35CD0049B898 /* InflationViewController.swift */ = {isa = PBXFileReference; fileEncoding = 4; lastKnownFileType = sourcecode.swift; path = InflationViewController.swift; sourceTree = "<group>"; };
		2E261B031E1B36530049B898 /* SelectCornerRadiusView.swift */ = {isa = PBXFileReference; fileEncoding = 4; lastKnownFileType = sourcecode.swift; path = SelectCornerRadiusView.swift; sourceTree = "<group>"; };
		2E261B0D1E1B72D20049B898 /* Currencies */ = {isa = PBXFileReference; lastKnownFileType = folder; path = Currencies; sourceTree = SOURCE_ROOT; };
		2E3B7C351E1F396100CC2133 /* CircleView.swift */ = {isa = PBXFileReference; fileEncoding = 4; lastKnownFileType = sourcecode.swift; path = CircleView.swift; sourceTree = "<group>"; };
		2E3B7C371E1F41B200CC2133 /* CurrencyViewController.swift */ = {isa = PBXFileReference; fileEncoding = 4; lastKnownFileType = sourcecode.swift; path = CurrencyViewController.swift; sourceTree = "<group>"; };
		2E3B7C3B1E1F612900CC2133 /* User.swift */ = {isa = PBXFileReference; fileEncoding = 4; lastKnownFileType = sourcecode.swift; name = User.swift; path = Model/User.swift; sourceTree = "<group>"; };
		2E3B7C3D1E1F66EE00CC2133 /* NavigationController.swift */ = {isa = PBXFileReference; fileEncoding = 4; lastKnownFileType = sourcecode.swift; path = NavigationController.swift; sourceTree = "<group>"; };
		2E5B33A61E21B48200E4B923 /* StoreKit.framework */ = {isa = PBXFileReference; lastKnownFileType = wrapper.framework; name = StoreKit.framework; path = System/Library/Frameworks/StoreKit.framework; sourceTree = SDKROOT; };
		2E5B33A81E21BA7000E4B923 /* Launch.storyboard */ = {isa = PBXFileReference; fileEncoding = 4; lastKnownFileType = file.storyboard; path = Launch.storyboard; sourceTree = "<group>"; };
		2E7D8CCE1C1F85660031499D /* Inflation.app */ = {isa = PBXFileReference; explicitFileType = wrapper.application; includeInIndex = 0; path = Inflation.app; sourceTree = BUILT_PRODUCTS_DIR; };
		2E7D8CD11C1F85660031499D /* Base */ = {isa = PBXFileReference; lastKnownFileType = file.storyboard; name = Base; path = Base.lproj/Interface.storyboard; sourceTree = "<group>"; };
		2E7D8CD31C1F85660031499D /* Assets.xcassets */ = {isa = PBXFileReference; lastKnownFileType = folder.assetcatalog; path = Assets.xcassets; sourceTree = "<group>"; };
		2E7D8CD51C1F85660031499D /* Info.plist */ = {isa = PBXFileReference; lastKnownFileType = text.plist.xml; path = Info.plist; sourceTree = "<group>"; };
		2E7D8CDA1C1F85660031499D /* Watch Extension.appex */ = {isa = PBXFileReference; explicitFileType = "wrapper.app-extension"; includeInIndex = 0; path = "Watch Extension.appex"; sourceTree = BUILT_PRODUCTS_DIR; };
		2E7D8CDF1C1F85660031499D /* InterfaceController.swift */ = {isa = PBXFileReference; lastKnownFileType = sourcecode.swift; path = InterfaceController.swift; sourceTree = "<group>"; };
		2E7D8CE11C1F85660031499D /* ExtensionDelegate.swift */ = {isa = PBXFileReference; lastKnownFileType = sourcecode.swift; path = ExtensionDelegate.swift; sourceTree = "<group>"; };
		2E7D8CE31C1F85660031499D /* Assets.xcassets */ = {isa = PBXFileReference; lastKnownFileType = folder.assetcatalog; path = Assets.xcassets; sourceTree = "<group>"; };
		2E7D8CE51C1F85660031499D /* Info.plist */ = {isa = PBXFileReference; lastKnownFileType = text.plist.xml; path = Info.plist; sourceTree = "<group>"; };
		2E7D8CF11C1F85F90031499D /* ValueController.swift */ = {isa = PBXFileReference; fileEncoding = 4; lastKnownFileType = sourcecode.swift; path = ValueController.swift; sourceTree = "<group>"; };
		2E7D8CF21C1F85F90031499D /* YearController.swift */ = {isa = PBXFileReference; fileEncoding = 4; lastKnownFileType = sourcecode.swift; path = YearController.swift; sourceTree = "<group>"; };
		2EA5116C1E20CBDB00970604 /* Currency-Shared.swift */ = {isa = PBXFileReference; fileEncoding = 4; lastKnownFileType = sourcecode.swift; path = "Currency-Shared.swift"; sourceTree = SOURCE_ROOT; };
		2EA5116E1E20CC9900970604 /* Currencies */ = {isa = PBXFileReference; lastKnownFileType = folder; path = Currencies; sourceTree = SOURCE_ROOT; };
		2EA511701E20CCC100970604 /* Currency-Shared.swift */ = {isa = PBXFileReference; fileEncoding = 4; lastKnownFileType = sourcecode.swift; path = "Currency-Shared.swift"; sourceTree = SOURCE_ROOT; };
		2EA511721E20CFDA00970604 /* Controller.swift */ = {isa = PBXFileReference; fileEncoding = 4; lastKnownFileType = sourcecode.swift; path = Controller.swift; sourceTree = "<group>"; };
		2EA511771E20EBA800970604 /* RateVewController.swift */ = {isa = PBXFileReference; fileEncoding = 4; lastKnownFileType = sourcecode.swift; path = RateVewController.swift; sourceTree = "<group>"; };
		2EE6B10519E0466F0025D4C0 /* Inflation Calculator.app */ = {isa = PBXFileReference; explicitFileType = wrapper.application; includeInIndex = 0; path = "Inflation Calculator.app"; sourceTree = BUILT_PRODUCTS_DIR; };
		2EE6B10919E0466F0025D4C0 /* Info.plist */ = {isa = PBXFileReference; lastKnownFileType = text.plist.xml; path = Info.plist; sourceTree = "<group>"; };
		2EE6B10A19E0466F0025D4C0 /* AppDelegate.swift */ = {isa = PBXFileReference; lastKnownFileType = sourcecode.swift; path = AppDelegate.swift; sourceTree = "<group>"; };
		2EE6B10F19E046700025D4C0 /* Base */ = {isa = PBXFileReference; lastKnownFileType = file.storyboard; name = Base; path = Base.lproj/Main.storyboard; sourceTree = "<group>"; };
		2EE6B11119E046700025D4C0 /* Images.xcassets */ = {isa = PBXFileReference; lastKnownFileType = folder.assetcatalog; path = Images.xcassets; sourceTree = "<group>"; };
/* End PBXFileReference section */

/* Begin PBXFrameworksBuildPhase section */
		2E7D8CD71C1F85660031499D /* Frameworks */ = {
			isa = PBXFrameworksBuildPhase;
			buildActionMask = 2147483647;
			files = (
			);
			runOnlyForDeploymentPostprocessing = 0;
		};
		2EE6B10219E0466F0025D4C0 /* Frameworks */ = {
			isa = PBXFrameworksBuildPhase;
			buildActionMask = 2147483647;
			files = (
				2E5B33A71E21B48200E4B923 /* StoreKit.framework in Frameworks */,
			);
			runOnlyForDeploymentPostprocessing = 0;
		};
/* End PBXFrameworksBuildPhase section */

/* Begin PBXGroup section */
		2E2593FA1E20358E006FE7AC /* Frameworks */ = {
			isa = PBXGroup;
			children = (
				2E5B33A61E21B48200E4B923 /* StoreKit.framework */,
			);
			name = Frameworks;
			sourceTree = "<group>";
		};
		2E261AFE1E1B35CD0049B898 /* Custom Views */ = {
			isa = PBXGroup;
			children = (
				2E261B031E1B36530049B898 /* SelectCornerRadiusView.swift */,
				2E3B7C351E1F396100CC2133 /* CircleView.swift */,
			);
			path = "Custom Views";
			sourceTree = "<group>";
		};
		2E261AFF1E1B35CD0049B898 /* View Controllers */ = {
			isa = PBXGroup;
			children = (
				2E3B7C3D1E1F66EE00CC2133 /* NavigationController.swift */,
				2E261B001E1B35CD0049B898 /* InflationViewController.swift */,
				2E3B7C371E1F41B200CC2133 /* CurrencyViewController.swift */,
				2E2593F81E20195B006FE7AC /* UpgradeViewController.swift */,
				2EA511771E20EBA800970604 /* RateVewController.swift */,
			);
			path = "View Controllers";
			sourceTree = "<group>";
		};
		2E261B0A1E1B6AD60049B898 /* Model */ = {
			isa = PBXGroup;
			children = (
				2E261B0D1E1B72D20049B898 /* Currencies */,
				2EA5116C1E20CBDB00970604 /* Currency-Shared.swift */,
				2E3B7C3B1E1F612900CC2133 /* User.swift */,
				2E2593FD1E2035EC006FE7AC /* StoreManager.swift */,
			);
			name = Model;
			sourceTree = "<group>";
		};
		2E7D8CCF1C1F85660031499D /* Watch */ = {
			isa = PBXGroup;
			children = (
				2E7D8CD01C1F85660031499D /* Interface.storyboard */,
				2E7D8CD31C1F85660031499D /* Assets.xcassets */,
				2E7D8CD51C1F85660031499D /* Info.plist */,
			);
			path = Watch;
			sourceTree = "<group>";
		};
		2E7D8CDE1C1F85660031499D /* Watch Extension */ = {
			isa = PBXGroup;
			children = (
				2EA511791E21051D00970604 /* Model */,
				2EA511721E20CFDA00970604 /* Controller.swift */,
				2E7D8CDF1C1F85660031499D /* InterfaceController.swift */,
				2E7D8CF11C1F85F90031499D /* ValueController.swift */,
				2E7D8CF21C1F85F90031499D /* YearController.swift */,
				2E7D8CE31C1F85660031499D /* Assets.xcassets */,
				2E7D8CE51C1F85660031499D /* Info.plist */,
			);
			path = "Watch Extension";
			sourceTree = "<group>";
		};
		2EA511791E21051D00970604 /* Model */ = {
			isa = PBXGroup;
			children = (
				2EA5116E1E20CC9900970604 /* Currencies */,
				2EA511701E20CCC100970604 /* Currency-Shared.swift */,
				2E7D8CE11C1F85660031499D /* ExtensionDelegate.swift */,
			);
			name = Model;
			sourceTree = "<group>";
		};
		2EE6B0FC19E0466F0025D4C0 = {
			isa = PBXGroup;
			children = (
				2EE6B10719E0466F0025D4C0 /* Inflation Calculator */,
				2E7D8CCF1C1F85660031499D /* Watch */,
				2E7D8CDE1C1F85660031499D /* Watch Extension */,
				2EE6B10619E0466F0025D4C0 /* Products */,
				2E2593FA1E20358E006FE7AC /* Frameworks */,
			);
			sourceTree = "<group>";
		};
		2EE6B10619E0466F0025D4C0 /* Products */ = {
			isa = PBXGroup;
			children = (
				2EE6B10519E0466F0025D4C0 /* Inflation Calculator.app */,
				2E7D8CCE1C1F85660031499D /* Inflation.app */,
				2E7D8CDA1C1F85660031499D /* Watch Extension.appex */,
			);
			name = Products;
			sourceTree = "<group>";
		};
		2EE6B10719E0466F0025D4C0 /* Inflation Calculator */ = {
			isa = PBXGroup;
			children = (
				2EE6B10A19E0466F0025D4C0 /* AppDelegate.swift */,
				2E261B0A1E1B6AD60049B898 /* Model */,
				2E261AFF1E1B35CD0049B898 /* View Controllers */,
				2E261AFE1E1B35CD0049B898 /* Custom Views */,
				2EE6B10E19E046700025D4C0 /* Main.storyboard */,
				2E5B33A81E21BA7000E4B923 /* Launch.storyboard */,
				2EE6B11119E046700025D4C0 /* Images.xcassets */,
				2EE6B10819E0466F0025D4C0 /* Supporting Files */,
			);
			path = "Inflation Calculator";
			sourceTree = "<group>";
		};
		2EE6B10819E0466F0025D4C0 /* Supporting Files */ = {
			isa = PBXGroup;
			children = (
				2EE6B10919E0466F0025D4C0 /* Info.plist */,
			);
			name = "Supporting Files";
			sourceTree = "<group>";
		};
/* End PBXGroup section */

/* Begin PBXNativeTarget section */
		2E7D8CCD1C1F85660031499D /* Inflation */ = {
			isa = PBXNativeTarget;
			buildConfigurationList = 2E7D8CED1C1F85660031499D /* Build configuration list for PBXNativeTarget "Inflation" */;
			buildPhases = (
				2E7D8CCC1C1F85660031499D /* Resources */,
				2E7D8CEC1C1F85660031499D /* Embed App Extensions */,
			);
			buildRules = (
			);
			dependencies = (
				2E7D8CDD1C1F85660031499D /* PBXTargetDependency */,
			);
			name = Inflation;
			productName = Watch;
			productReference = 2E7D8CCE1C1F85660031499D /* Inflation.app */;
			productType = "com.apple.product-type.application.watchapp2";
		};
		2E7D8CD91C1F85660031499D /* Watch Extension */ = {
			isa = PBXNativeTarget;
			buildConfigurationList = 2E7D8CE91C1F85660031499D /* Build configuration list for PBXNativeTarget "Watch Extension" */;
			buildPhases = (
				2E7D8CD61C1F85660031499D /* Sources */,
				2E7D8CD71C1F85660031499D /* Frameworks */,
				2E7D8CD81C1F85660031499D /* Resources */,
			);
			buildRules = (
			);
			dependencies = (
			);
			name = "Watch Extension";
			productName = "Watch Extension";
			productReference = 2E7D8CDA1C1F85660031499D /* Watch Extension.appex */;
			productType = "com.apple.product-type.watchkit2-extension";
		};
		2EE6B10419E0466F0025D4C0 /* Inflation Calculator */ = {
			isa = PBXNativeTarget;
			buildConfigurationList = 2EE6B12419E046700025D4C0 /* Build configuration list for PBXNativeTarget "Inflation Calculator" */;
			buildPhases = (
				2EE6B10119E0466F0025D4C0 /* Sources */,
				2EE6B10219E0466F0025D4C0 /* Frameworks */,
				2EE6B10319E0466F0025D4C0 /* Resources */,
				2EA682551A5CBD2400F39ECF /* Embed App Extensions */,
				2EE9C1ED1C1E40270009BCBB /* Embed Watch Content */,
			);
			buildRules = (
			);
			dependencies = (
				2E7D8CE71C1F85660031499D /* PBXTargetDependency */,
			);
			name = "Inflation Calculator";
			productName = "Inflation Calculator";
			productReference = 2EE6B10519E0466F0025D4C0 /* Inflation Calculator.app */;
			productType = "com.apple.product-type.application";
		};
/* End PBXNativeTarget section */

/* Begin PBXProject section */
		2EE6B0FD19E0466F0025D4C0 /* Project object */ = {
			isa = PBXProject;
			attributes = {
				LastSwiftMigration = 0720;
				LastSwiftUpdateCheck = 0720;
				LastUpgradeCheck = 0820;
				ORGANIZATIONNAME = Cal;
				TargetAttributes = {
					2E7D8CCD1C1F85660031499D = {
						CreatedOnToolsVersion = 7.2;
						DevelopmentTeam = FZ89A5SZ7C;
						LastSwiftMigration = 0820;
						SystemCapabilities = {
							com.apple.ApplicationGroups.iOS = {
								enabled = 0;
							};
						};
					};
					2E7D8CD91C1F85660031499D = {
						CreatedOnToolsVersion = 7.2;
						DevelopmentTeam = FZ89A5SZ7C;
						LastSwiftMigration = 0820;
						SystemCapabilities = {
							com.apple.ApplicationGroups.iOS = {
								enabled = 0;
							};
							com.apple.iCloud = {
								enabled = 0;
							};
						};
					};
					2EE6B10419E0466F0025D4C0 = {
						CreatedOnToolsVersion = 6.0.1;
						DevelopmentTeam = FZ89A5SZ7C;
						LastSwiftMigration = 0820;
						SystemCapabilities = {
							com.apple.ApplicationGroups.iOS = {
								enabled = 0;
							};
							com.apple.InAppPurchase = {
								enabled = 1;
							};
							com.apple.iCloud = {
								enabled = 0;
							};
						};
					};
				};
			};
			buildConfigurationList = 2EE6B10019E0466F0025D4C0 /* Build configuration list for PBXProject "Inflation Calculator" */;
			compatibilityVersion = "Xcode 3.2";
			developmentRegion = English;
			hasScannedForEncodings = 0;
			knownRegions = (
				en,
				Base,
			);
			mainGroup = 2EE6B0FC19E0466F0025D4C0;
			productRefGroup = 2EE6B10619E0466F0025D4C0 /* Products */;
			projectDirPath = "";
			projectRoot = "";
			targets = (
				2EE6B10419E0466F0025D4C0 /* Inflation Calculator */,
				2E7D8CCD1C1F85660031499D /* Inflation */,
				2E7D8CD91C1F85660031499D /* Watch Extension */,
			);
		};
/* End PBXProject section */

/* Begin PBXResourcesBuildPhase section */
		2E7D8CCC1C1F85660031499D /* Resources */ = {
			isa = PBXResourcesBuildPhase;
			buildActionMask = 2147483647;
			files = (
				2E7D8CD41C1F85660031499D /* Assets.xcassets in Resources */,
				2E7D8CD21C1F85660031499D /* Interface.storyboard in Resources */,
			);
			runOnlyForDeploymentPostprocessing = 0;
		};
		2E7D8CD81C1F85660031499D /* Resources */ = {
			isa = PBXResourcesBuildPhase;
			buildActionMask = 2147483647;
			files = (
				2E7D8CE41C1F85660031499D /* Assets.xcassets in Resources */,
				2EA5116F1E20CC9900970604 /* Currencies in Resources */,
			);
			runOnlyForDeploymentPostprocessing = 0;
		};
		2EE6B10319E0466F0025D4C0 /* Resources */ = {
			isa = PBXResourcesBuildPhase;
			buildActionMask = 2147483647;
			files = (
				2EE6B11019E046700025D4C0 /* Main.storyboard in Resources */,
				2E261B0E1E1B72D20049B898 /* Currencies in Resources */,
				2E5B33A91E21BA7000E4B923 /* Launch.storyboard in Resources */,
				2EE6B11219E046700025D4C0 /* Images.xcassets in Resources */,
			);
			runOnlyForDeploymentPostprocessing = 0;
		};
/* End PBXResourcesBuildPhase section */

/* Begin PBXSourcesBuildPhase section */
		2E7D8CD61C1F85660031499D /* Sources */ = {
			isa = PBXSourcesBuildPhase;
			buildActionMask = 2147483647;
			files = (
				2E7D8CF51C1F85F90031499D /* YearController.swift in Sources */,
				2EA511731E20CFDA00970604 /* Controller.swift in Sources */,
				2E7D8CE21C1F85660031499D /* ExtensionDelegate.swift in Sources */,
				2E7D8CE01C1F85660031499D /* InterfaceController.swift in Sources */,
				2EA511711E20CCC100970604 /* Currency-Shared.swift in Sources */,
				2E7D8CF41C1F85F90031499D /* ValueController.swift in Sources */,
			);
			runOnlyForDeploymentPostprocessing = 0;
		};
		2EE6B10119E0466F0025D4C0 /* Sources */ = {
			isa = PBXSourcesBuildPhase;
			buildActionMask = 2147483647;
			files = (
				2E2593FE1E2035EC006FE7AC /* StoreManager.swift in Sources */,
				2E3B7C3E1E1F66EE00CC2133 /* NavigationController.swift in Sources */,
				2E3B7C381E1F41B200CC2133 /* CurrencyViewController.swift in Sources */,
				2EA5116D1E20CBDB00970604 /* Currency-Shared.swift in Sources */,
				2E3B7C361E1F396100CC2133 /* CircleView.swift in Sources */,
				2E2593F91E20195B006FE7AC /* UpgradeViewController.swift in Sources */,
				2EE6B10B19E0466F0025D4C0 /* AppDelegate.swift in Sources */,
				2E261B011E1B35CD0049B898 /* InflationViewController.swift in Sources */,
				2EA511781E20EBA800970604 /* RateVewController.swift in Sources */,
				2E261B041E1B36530049B898 /* SelectCornerRadiusView.swift in Sources */,
				2E3B7C3C1E1F612900CC2133 /* User.swift in Sources */,
			);
			runOnlyForDeploymentPostprocessing = 0;
		};
/* End PBXSourcesBuildPhase section */

/* Begin PBXTargetDependency section */
		2E7D8CDD1C1F85660031499D /* PBXTargetDependency */ = {
			isa = PBXTargetDependency;
			target = 2E7D8CD91C1F85660031499D /* Watch Extension */;
			targetProxy = 2E7D8CDC1C1F85660031499D /* PBXContainerItemProxy */;
		};
		2E7D8CE71C1F85660031499D /* PBXTargetDependency */ = {
			isa = PBXTargetDependency;
			target = 2E7D8CCD1C1F85660031499D /* Inflation */;
			targetProxy = 2E7D8CE61C1F85660031499D /* PBXContainerItemProxy */;
		};
/* End PBXTargetDependency section */

/* Begin PBXVariantGroup section */
		2E7D8CD01C1F85660031499D /* Interface.storyboard */ = {
			isa = PBXVariantGroup;
			children = (
				2E7D8CD11C1F85660031499D /* Base */,
			);
			name = Interface.storyboard;
			sourceTree = "<group>";
		};
		2EE6B10E19E046700025D4C0 /* Main.storyboard */ = {
			isa = PBXVariantGroup;
			children = (
				2EE6B10F19E046700025D4C0 /* Base */,
			);
			name = Main.storyboard;
			sourceTree = "<group>";
		};
/* End PBXVariantGroup section */

/* Begin XCBuildConfiguration section */
		2E7D8CEA1C1F85660031499D /* Debug */ = {
			isa = XCBuildConfiguration;
			buildSettings = {
				CODE_SIGN_IDENTITY = "iPhone Developer";
				DEBUG_INFORMATION_FORMAT = dwarf;
				GCC_NO_COMMON_BLOCKS = YES;
				INFOPLIST_FILE = "Watch Extension/Info.plist";
				LD_RUNPATH_SEARCH_PATHS = "$(inherited) @executable_path/Frameworks @executable_path/../../Frameworks";
				PRODUCT_BUNDLE_IDENTIFIER = "com.cal.Inflation-Calculator.watchkitapp.watchkitextension";
				PRODUCT_NAME = "${TARGET_NAME}";
				SDKROOT = watchos;
				SKIP_INSTALL = YES;
				SWIFT_VERSION = 3.0;
				TARGETED_DEVICE_FAMILY = 4;
				WATCHOS_DEPLOYMENT_TARGET = 2.2;
			};
			name = Debug;
		};
		2E7D8CEB1C1F85660031499D /* Release */ = {
			isa = XCBuildConfiguration;
			buildSettings = {
				CODE_SIGN_IDENTITY = "iPhone Developer";
				COPY_PHASE_STRIP = NO;
				DEBUG_INFORMATION_FORMAT = "dwarf-with-dsym";
				GCC_NO_COMMON_BLOCKS = YES;
				INFOPLIST_FILE = "Watch Extension/Info.plist";
				LD_RUNPATH_SEARCH_PATHS = "$(inherited) @executable_path/Frameworks @executable_path/../../Frameworks";
				PRODUCT_BUNDLE_IDENTIFIER = "com.cal.Inflation-Calculator.watchkitapp.watchkitextension";
				PRODUCT_NAME = "${TARGET_NAME}";
				SDKROOT = watchos;
				SKIP_INSTALL = YES;
				SWIFT_VERSION = 3.0;
				TARGETED_DEVICE_FAMILY = 4;
				WATCHOS_DEPLOYMENT_TARGET = 2.2;
			};
			name = Release;
		};
		2E7D8CEE1C1F85660031499D /* Debug */ = {
			isa = XCBuildConfiguration;
			buildSettings = {
				ALWAYS_EMBED_SWIFT_STANDARD_LIBRARIES = YES;
				ASSETCATALOG_COMPILER_APPICON_NAME = AppIcon;
				CODE_SIGN_IDENTITY = "iPhone Developer";
				"CODE_SIGN_IDENTITY[sdk=iphoneos*]" = "iPhone Developer";
				DEBUG_INFORMATION_FORMAT = dwarf;
				GCC_NO_COMMON_BLOCKS = YES;
				IBSC_MODULE = Watch_Extension;
				INFOPLIST_FILE = Watch/Info.plist;
				PRODUCT_BUNDLE_IDENTIFIER = "com.cal.Inflation-Calculator.watchkitapp";
				PRODUCT_NAME = "$(TARGET_NAME)";
				SDKROOT = watchos;
				SKIP_INSTALL = YES;
				SWIFT_VERSION = 3.0;
				TARGETED_DEVICE_FAMILY = 4;
				WATCHOS_DEPLOYMENT_TARGET = 2.2;
			};
			name = Debug;
		};
		2E7D8CEF1C1F85660031499D /* Release */ = {
			isa = XCBuildConfiguration;
			buildSettings = {
				ALWAYS_EMBED_SWIFT_STANDARD_LIBRARIES = YES;
				ASSETCATALOG_COMPILER_APPICON_NAME = AppIcon;
				CODE_SIGN_IDENTITY = "iPhone Developer";
				"CODE_SIGN_IDENTITY[sdk=iphoneos*]" = "iPhone Developer";
				COPY_PHASE_STRIP = NO;
				DEBUG_INFORMATION_FORMAT = "dwarf-with-dsym";
				GCC_NO_COMMON_BLOCKS = YES;
				IBSC_MODULE = Watch_Extension;
				INFOPLIST_FILE = Watch/Info.plist;
				PRODUCT_BUNDLE_IDENTIFIER = "com.cal.Inflation-Calculator.watchkitapp";
				PRODUCT_NAME = "$(TARGET_NAME)";
				SDKROOT = watchos;
				SKIP_INSTALL = YES;
				SWIFT_VERSION = 3.0;
				TARGETED_DEVICE_FAMILY = 4;
				WATCHOS_DEPLOYMENT_TARGET = 2.2;
			};
			name = Release;
		};
		2EE6B12219E046700025D4C0 /* Debug */ = {
			isa = XCBuildConfiguration;
			buildSettings = {
				ALWAYS_SEARCH_USER_PATHS = NO;
				CLANG_CXX_LANGUAGE_STANDARD = "gnu++0x";
				CLANG_CXX_LIBRARY = "libc++";
				CLANG_ENABLE_MODULES = YES;
				CLANG_ENABLE_OBJC_ARC = YES;
				CLANG_WARN_BOOL_CONVERSION = YES;
				CLANG_WARN_CONSTANT_CONVERSION = YES;
				CLANG_WARN_DIRECT_OBJC_ISA_USAGE = YES_ERROR;
				CLANG_WARN_EMPTY_BODY = YES;
				CLANG_WARN_ENUM_CONVERSION = YES;
				CLANG_WARN_INFINITE_RECURSION = YES;
				CLANG_WARN_INT_CONVERSION = YES;
				CLANG_WARN_OBJC_ROOT_CLASS = YES_ERROR;
				CLANG_WARN_SUSPICIOUS_MOVE = YES;
				CLANG_WARN_UNREACHABLE_CODE = YES;
				CLANG_WARN__DUPLICATE_METHOD_MATCH = YES;
				"CODE_SIGN_IDENTITY[sdk=iphoneos*]" = "iPhone Developer";
				COPY_PHASE_STRIP = NO;
				ENABLE_STRICT_OBJC_MSGSEND = YES;
				ENABLE_TESTABILITY = YES;
				GCC_C_LANGUAGE_STANDARD = gnu99;
				GCC_DYNAMIC_NO_PIC = NO;
				GCC_NO_COMMON_BLOCKS = YES;
				GCC_OPTIMIZATION_LEVEL = 0;
				GCC_PREPROCESSOR_DEFINITIONS = (
					"DEBUG=1",
					"$(inherited)",
				);
				GCC_SYMBOLS_PRIVATE_EXTERN = NO;
				GCC_WARN_64_TO_32_BIT_CONVERSION = YES;
				GCC_WARN_ABOUT_RETURN_TYPE = YES_ERROR;
				GCC_WARN_UNDECLARED_SELECTOR = YES;
				GCC_WARN_UNINITIALIZED_AUTOS = YES_AGGRESSIVE;
				GCC_WARN_UNUSED_FUNCTION = YES;
				GCC_WARN_UNUSED_VARIABLE = YES;
				IPHONEOS_DEPLOYMENT_TARGET = 9.0;
				MTL_ENABLE_DEBUG_INFO = YES;
				ONLY_ACTIVE_ARCH = YES;
				SDKROOT = iphoneos;
				SWIFT_OPTIMIZATION_LEVEL = "-Onone";
			};
			name = Debug;
		};
		2EE6B12319E046700025D4C0 /* Release */ = {
			isa = XCBuildConfiguration;
			buildSettings = {
				ALWAYS_SEARCH_USER_PATHS = NO;
				CLANG_CXX_LANGUAGE_STANDARD = "gnu++0x";
				CLANG_CXX_LIBRARY = "libc++";
				CLANG_ENABLE_MODULES = YES;
				CLANG_ENABLE_OBJC_ARC = YES;
				CLANG_WARN_BOOL_CONVERSION = YES;
				CLANG_WARN_CONSTANT_CONVERSION = YES;
				CLANG_WARN_DIRECT_OBJC_ISA_USAGE = YES_ERROR;
				CLANG_WARN_EMPTY_BODY = YES;
				CLANG_WARN_ENUM_CONVERSION = YES;
				CLANG_WARN_INFINITE_RECURSION = YES;
				CLANG_WARN_INT_CONVERSION = YES;
				CLANG_WARN_OBJC_ROOT_CLASS = YES_ERROR;
				CLANG_WARN_SUSPICIOUS_MOVE = YES;
				CLANG_WARN_UNREACHABLE_CODE = YES;
				CLANG_WARN__DUPLICATE_METHOD_MATCH = YES;
				"CODE_SIGN_IDENTITY[sdk=iphoneos*]" = "iPhone Developer";
				COPY_PHASE_STRIP = YES;
				ENABLE_NS_ASSERTIONS = NO;
				ENABLE_STRICT_OBJC_MSGSEND = YES;
				GCC_C_LANGUAGE_STANDARD = gnu99;
				GCC_NO_COMMON_BLOCKS = YES;
				GCC_WARN_64_TO_32_BIT_CONVERSION = YES;
				GCC_WARN_ABOUT_RETURN_TYPE = YES_ERROR;
				GCC_WARN_UNDECLARED_SELECTOR = YES;
				GCC_WARN_UNINITIALIZED_AUTOS = YES_AGGRESSIVE;
				GCC_WARN_UNUSED_FUNCTION = YES;
				GCC_WARN_UNUSED_VARIABLE = YES;
				IPHONEOS_DEPLOYMENT_TARGET = 9.0;
				MTL_ENABLE_DEBUG_INFO = NO;
				SDKROOT = iphoneos;
				SWIFT_OPTIMIZATION_LEVEL = "-Owholemodule";
				VALIDATE_PRODUCT = YES;
			};
			name = Release;
		};
		2EE6B12519E046700025D4C0 /* Debug */ = {
			isa = XCBuildConfiguration;
			buildSettings = {
				ALWAYS_EMBED_SWIFT_STANDARD_LIBRARIES = YES;
				ASSETCATALOG_COMPILER_APPICON_NAME = AppIcon;
				CODE_SIGN_IDENTITY = "iPhone Developer";
				"CODE_SIGN_IDENTITY[sdk=iphoneos*]" = "iPhone Developer";
				INFOPLIST_FILE = "Inflation Calculator/Info.plist";
				IPHONEOS_DEPLOYMENT_TARGET = 9.0;
				LD_RUNPATH_SEARCH_PATHS = "$(inherited) @executable_path/Frameworks";
				PRODUCT_BUNDLE_IDENTIFIER = "com.cal.$(PRODUCT_NAME:rfc1034identifier)";
				PRODUCT_NAME = "$(TARGET_NAME)";
				PROVISIONING_PROFILE = "";
				SWIFT_VERSION = 3.0;
				TARGETED_DEVICE_FAMILY = 1;
			};
			name = Debug;
		};
		2EE6B12619E046700025D4C0 /* Release */ = {
			isa = XCBuildConfiguration;
			buildSettings = {
				ALWAYS_EMBED_SWIFT_STANDARD_LIBRARIES = YES;
				ASSETCATALOG_COMPILER_APPICON_NAME = AppIcon;
				CODE_SIGN_IDENTITY = "iPhone Developer";
				"CODE_SIGN_IDENTITY[sdk=iphoneos*]" = "iPhone Developer";
				INFOPLIST_FILE = "Inflation Calculator/Info.plist";
				IPHONEOS_DEPLOYMENT_TARGET = 9.0;
				LD_RUNPATH_SEARCH_PATHS = "$(inherited) @executable_path/Frameworks";
				PRODUCT_BUNDLE_IDENTIFIER = "com.cal.$(PRODUCT_NAME:rfc1034identifier)";
				PRODUCT_NAME = "$(TARGET_NAME)";
				PROVISIONING_PROFILE = "";
				SWIFT_VERSION = 3.0;
				TARGETED_DEVICE_FAMILY = 1;
			};
			name = Release;
		};
/* End XCBuildConfiguration section */

/* Begin XCConfigurationList section */
		2E7D8CE91C1F85660031499D /* Build configuration list for PBXNativeTarget "Watch Extension" */ = {
			isa = XCConfigurationList;
			buildConfigurations = (
				2E7D8CEA1C1F85660031499D /* Debug */,
				2E7D8CEB1C1F85660031499D /* Release */,
			);
			defaultConfigurationIsVisible = 0;
			defaultConfigurationName = Release;
		};
		2E7D8CED1C1F85660031499D /* Build configuration list for PBXNativeTarget "Inflation" */ = {
			isa = XCConfigurationList;
			buildConfigurations = (
				2E7D8CEE1C1F85660031499D /* Debug */,
				2E7D8CEF1C1F85660031499D /* Release */,
			);
			defaultConfigurationIsVisible = 0;
			defaultConfigurationName = Release;
		};
		2EE6B10019E0466F0025D4C0 /* Build configuration list for PBXProject "Inflation Calculator" */ = {
			isa = XCConfigurationList;
			buildConfigurations = (
				2EE6B12219E046700025D4C0 /* Debug */,
				2EE6B12319E046700025D4C0 /* Release */,
			);
			defaultConfigurationIsVisible = 0;
			defaultConfigurationName = Release;
		};
		2EE6B12419E046700025D4C0 /* Build configuration list for PBXNativeTarget "Inflation Calculator" */ = {
			isa = XCConfigurationList;
			buildConfigurations = (
				2EE6B12519E046700025D4C0 /* Debug */,
				2EE6B12619E046700025D4C0 /* Release */,
			);
			defaultConfigurationIsVisible = 0;
			defaultConfigurationName = Release;
		};
/* End XCConfigurationList section */
	};
	rootObject = 2EE6B0FD19E0466F0025D4C0 /* Project object */;
}
